
Microsoft Visual Studio Solution File, Format Version 12.00
# Visual Studio Version 17
VisualStudioVersion = 17.4.33213.308
MinimumVisualStudioVersion = 10.0.40219.1
Project("{FAE04EC0-301F-11D3-BF4B-00C04F79EFBC}") = "NewVPP", "NewVPP.csproj", "{99E6E351-EC2E-4B51-AEB4-A7A0CF97DABA}"
EndProject
Global
	GlobalSection(SolutionConfigurationPlatforms) = preSolution
		Debug|Any CPU = Debug|Any CPU
		Release|Any CPU = Release|Any CPU
	EndGlobalSection
	GlobalSection(ProjectConfigurationPlatforms) = postSolution
		{99E6E351-EC2E-4B51-AEB4-A7A0CF97DABA}.Debug|Any CPU.ActiveCfg = Debug|Any CPU
		{99E6E351-EC2E-4B51-AEB4-A7A0CF97DABA}.Debug|Any CPU.Build.0 = Debug|Any CPU
		{99E6E351-EC2E-4B51-AEB4-A7A0CF97DABA}.Release|Any CPU.ActiveCfg = Release|Any CPU
		{99E6E351-EC2E-4B51-AEB4-A7A0CF97DABA}.Release|Any CPU.Build.0 = Release|Any CPU
	EndGlobalSection
	GlobalSection(SolutionProperties) = preSolution
		HideSolutionNode = FALSE
	EndGlobalSection
	GlobalSection(ExtensibilityGlobals) = postSolution
		SolutionGuid = {608D0507-A6B4-48BE-9631-41F3EE462EDA}
	EndGlobalSection
EndGlobal
